
Microsoft Visual Studio Solution File, Format Version 12.00
# Visual Studio Version 17
VisualStudioVersion = 17.9.34902.65
MinimumVisualStudioVersion = 10.0.40219.1
Project("{FAE04EC0-301F-11D3-BF4B-00C04F79EFBC}") = "DomainReseller", "DomainReseller\DomainReseller.csproj", "{DAA69382-A62F-4F54-AD17-A733C51047FB}"
EndProject
Project("{FAE04EC0-301F-11D3-BF4B-00C04F79EFBC}") = "DomainReseller.Client", "DomainReseller.Client\DomainReseller.Client.csproj", "{482F928C-1EB7-4ACA-A238-6D9F697D4264}"
EndProject
Global
	GlobalSection(SolutionConfigurationPlatforms) = preSolution
		Debug|Any CPU = Debug|Any CPU
		Release|Any CPU = Release|Any CPU
	EndGlobalSection
	GlobalSection(ProjectConfigurationPlatforms) = postSolution
		{DAA69382-A62F-4F54-AD17-A733C51047FB}.Debug|Any CPU.ActiveCfg = Debug|Any CPU
		{DAA69382-A62F-4F54-AD17-A733C51047FB}.Debug|Any CPU.Build.0 = Debug|Any CPU
		{DAA69382-A62F-4F54-AD17-A733C51047FB}.Release|Any CPU.ActiveCfg = Release|Any CPU
		{DAA69382-A62F-4F54-AD17-A733C51047FB}.Release|Any CPU.Build.0 = Release|Any CPU
		{482F928C-1EB7-4ACA-A238-6D9F697D4264}.Debug|Any CPU.ActiveCfg = Debug|Any CPU
		{482F928C-1EB7-4ACA-A238-6D9F697D4264}.Debug|Any CPU.Build.0 = Debug|Any CPU
		{482F928C-1EB7-4ACA-A238-6D9F697D4264}.Release|Any CPU.ActiveCfg = Release|Any CPU
		{482F928C-1EB7-4ACA-A238-6D9F697D4264}.Release|Any CPU.Build.0 = Release|Any CPU
	EndGlobalSection
	GlobalSection(SolutionProperties) = preSolution
		HideSolutionNode = FALSE
	EndGlobalSection
	GlobalSection(ExtensibilityGlobals) = postSolution
		SolutionGuid = {F0C1B8F7-82DF-407A-90B1-87058E9AAB2E}
	EndGlobalSection
EndGlobal
